
Microsoft Visual Studio Solution File, Format Version 12.00
# Visual Studio 15
VisualStudioVersion = 15.0.28307.168
MinimumVisualStudioVersion = 10.0.40219.1
Project("{FAE04EC0-301F-11D3-BF4B-00C04F79EFBC}") = "DiscordBotCore", "DiscordBotCore\DiscordBotCore.csproj", "{643A0C98-8C12-48E5-947B-319ED0388804}"
EndProject
Global
	GlobalSection(SolutionConfigurationPlatforms) = preSolution
		Debug|Any CPU = Debug|Any CPU
		Release|Any CPU = Release|Any CPU
	EndGlobalSection
	GlobalSection(ProjectConfigurationPlatforms) = postSolution
		{643A0C98-8C12-48E5-947B-319ED0388804}.Debug|Any CPU.ActiveCfg = Debug|Any CPU
		{643A0C98-8C12-48E5-947B-319ED0388804}.Debug|Any CPU.Build.0 = Debug|Any CPU
		{643A0C98-8C12-48E5-947B-319ED0388804}.Release|Any CPU.ActiveCfg = Release|Any CPU
		{643A0C98-8C12-48E5-947B-319ED0388804}.Release|Any CPU.Build.0 = Release|Any CPU
	EndGlobalSection
	GlobalSection(SolutionProperties) = preSolution
		HideSolutionNode = FALSE
	EndGlobalSection
	GlobalSection(ExtensibilityGlobals) = postSolution
		SolutionGuid = {D87A4E6A-0528-47BD-8795-D1966875444D}
	EndGlobalSection
EndGlobal
